{
  "name": "reactreach-rq04-robustness-multipackage",
  "version": "1.0.0",
  "lockfileVersion": 3,
  "requires": true,
  "packages": {
    "": {
      "name": "reactreach-rq04-robustness-multipackage",
      "version": "1.0.0",
      "dependencies": {
        "dompurify": "2.4.0",
        "react": "18.2.0",
        "serialize-javascript": "2.1.1"
      }
    },
    "node_modules/dompurify": {
      "version": "2.4.0",
      "resolved": "https://registry.npmjs.org/dompurify/-/dompurify-2.4.0.tgz",
      "integrity": "sha512-Be9tbQMZds4a3C6xTmz68NlMfeONA//4dOavl/1rNw50E+/QO0KVpbcU0PcaW0nsQxurXls9ZocqFxk8R2mWEA==",
      "license": "(MPL-2.0 OR Apache-2.0)"
    },
    "node_modules/js-tokens": {
      "version": "4.0.0",
      "resolved": "https://registry.npmjs.org/js-tokens/-/js-tokens-4.0.0.tgz",
      "integrity": "sha512-RdJUflcE3cUzKiMqQgsCu06FPu9UdIJO0beYbPhHN4k6apgJtifcoCtT9bcxOpYBtpD2kCM6Sbzg4CausW/PKQ==",
      "license": "MIT"
    },
    "node_modules/loose-envify": {
      "version": "1.4.0",
      "resolved": "https://registry.npmjs.org/loose-envify/-/loose-envify-1.4.0.tgz",
      "integrity": "sha512-lyuxPGr/Wfhrlem2CL/UcnUc1zcqKAImBDzukY7Y5F/yQiNdko6+fRLevlw1HgMySw7f611UIY408EtxRSoK3Q==",
      "license": "MIT",
      "dependencies": {
        "js-tokens": "^3.0.0 || ^4.0.0"
      },
      "bin": {
        "loose-envify": "cli.js"
      }
    },
    "node_modules/react": {
      "version": "18.2.0",
      "resolved": "https://registry.npmjs.org/react/-/react-18.2.0.tgz",
      "integrity": "sha512-/3IjMdb2L9QbBdWiW5e3P2/npwMBaU9mHCSCUzNln0ZCYbcfTsGbTJrU/kGemdH2IWmB2ioZ+zkxtmq6g09fGQ==",
      "license": "MIT",
      "dependencies": {
        "loose-envify": "^1.1.0"
      },
      "engines": {
        "node": ">=0.10.0"
      }
    },
    "node_modules/serialize-javascript": {
      "version": "2.1.1",
      "resolved": "https://registry.npmjs.org/serialize-javascript/-/serialize-javascript-2.1.1.tgz",
      "integrity": "sha512-MPLPRpD4FNqWq9tTIjYG5LesFouDhdyH0EPY3gVK4DRD5+g4aDqdNSzLIwceulo3Yj+PL1bPh6laE5+H6LTcrQ==",
      "license": "BSD-3-Clause"
    }
  }
}
